
Microsoft Visual Studio Solution File, Format Version 12.00
# Visual Studio 14
VisualStudioVersion = 14.0.23107.0
MinimumVisualStudioVersion = 10.0.40219.1
Project("{FAE04EC0-301F-11D3-BF4B-00C04F79EFBC}") = "4.21窗口", "4.21窗口\4.21窗口.csproj", "{5CE5E8D3-0FF2-4B6D-9A65-A97E357FD7CB}"
EndProject
Global
	GlobalSection(SolutionConfigurationPlatforms) = preSolution
		Debug|Any CPU = Debug|Any CPU
		Release|Any CPU = Release|Any CPU
	EndGlobalSection
	GlobalSection(ProjectConfigurationPlatforms) = postSolution
		{5CE5E8D3-0FF2-4B6D-9A65-A97E357FD7CB}.Debug|Any CPU.ActiveCfg = Debug|Any CPU
		{5CE5E8D3-0FF2-4B6D-9A65-A97E357FD7CB}.Debug|Any CPU.Build.0 = Debug|Any CPU
		{5CE5E8D3-0FF2-4B6D-9A65-A97E357FD7CB}.Release|Any CPU.ActiveCfg = Release|Any CPU
		{5CE5E8D3-0FF2-4B6D-9A65-A97E357FD7CB}.Release|Any CPU.Build.0 = Release|Any CPU
	EndGlobalSection
	GlobalSection(SolutionProperties) = preSolution
		HideSolutionNode = FALSE
	EndGlobalSection
EndGlobal
