
Microsoft Visual Studio Solution File, Format Version 12.00
# Visual Studio Version 17
VisualStudioVersion = 17.13.35825.156 d17.13
MinimumVisualStudioVersion = 10.0.40219.1
Project("{FAE04EC0-301F-11D3-BF4B-00C04F79EFBC}") = "2.4.4_项目四：数字古诗的保存和输出", "2.4.4_项目四：数字古诗的保存和输出.csproj", "{76D33E45-2DC9-4B77-8551-BC433A06D39F}"
EndProject
Global
	GlobalSection(SolutionConfigurationPlatforms) = preSolution
		Debug|Any CPU = Debug|Any CPU
		Release|Any CPU = Release|Any CPU
	EndGlobalSection
	GlobalSection(ProjectConfigurationPlatforms) = postSolution
		{76D33E45-2DC9-4B77-8551-BC433A06D39F}.Debug|Any CPU.ActiveCfg = Debug|Any CPU
		{76D33E45-2DC9-4B77-8551-BC433A06D39F}.Debug|Any CPU.Build.0 = Debug|Any CPU
		{76D33E45-2DC9-4B77-8551-BC433A06D39F}.Release|Any CPU.ActiveCfg = Release|Any CPU
		{76D33E45-2DC9-4B77-8551-BC433A06D39F}.Release|Any CPU.Build.0 = Release|Any CPU
	EndGlobalSection
	GlobalSection(SolutionProperties) = preSolution
		HideSolutionNode = FALSE
	EndGlobalSection
	GlobalSection(ExtensibilityGlobals) = postSolution
		SolutionGuid = {A892D5F9-A017-4910-B59B-6CEA8D016A5C}
	EndGlobalSection
EndGlobal
